
Microsoft Visual Studio Solution File, Format Version 12.00
# Visual Studio 15
VisualStudioVersion = 15.0.27428.2043
MinimumVisualStudioVersion = 10.0.40219.1
Project("{8BC9CEB8-8B4A-11D0-8D11-00A0C91BC942}") = "17-黄建晴", "17-黄建晴\17-黄建晴.vcxproj", "{764D5CB6-E8A2-41E4-8541-CAF1716EDDB1}"
EndProject
Global
	GlobalSection(SolutionConfigurationPlatforms) = preSolution
		Debug|x64 = Debug|x64
		Debug|x86 = Debug|x86
		Release|x64 = Release|x64
		Release|x86 = Release|x86
	EndGlobalSection
	GlobalSection(ProjectConfigurationPlatforms) = postSolution
		{764D5CB6-E8A2-41E4-8541-CAF1716EDDB1}.Debug|x64.ActiveCfg = Debug|x64
		{764D5CB6-E8A2-41E4-8541-CAF1716EDDB1}.Debug|x64.Build.0 = Debug|x64
		{764D5CB6-E8A2-41E4-8541-CAF1716EDDB1}.Debug|x86.ActiveCfg = Debug|Win32
		{764D5CB6-E8A2-41E4-8541-CAF1716EDDB1}.Debug|x86.Build.0 = Debug|Win32
		{764D5CB6-E8A2-41E4-8541-CAF1716EDDB1}.Release|x64.ActiveCfg = Release|x64
		{764D5CB6-E8A2-41E4-8541-CAF1716EDDB1}.Release|x64.Build.0 = Release|x64
		{764D5CB6-E8A2-41E4-8541-CAF1716EDDB1}.Release|x86.ActiveCfg = Release|Win32
		{764D5CB6-E8A2-41E4-8541-CAF1716EDDB1}.Release|x86.Build.0 = Release|Win32
	EndGlobalSection
	GlobalSection(SolutionProperties) = preSolution
		HideSolutionNode = FALSE
	EndGlobalSection
	GlobalSection(ExtensibilityGlobals) = postSolution
		SolutionGuid = {8ACE98A4-D284-44A8-B39B-3E70AC285602}
	EndGlobalSection
EndGlobal
